
Microsoft Visual Studio Solution File, Format Version 12.00
# Visual Studio Version 16
VisualStudioVersion = 16.0.810.6
MinimumVisualStudioVersion = 10.0.40219.1
Project("{FAE04EC0-301F-11D3-BF4B-00C04F79EFBC}") = "OrderMedia", "src\OrderMedia\OrderMedia.csproj", "{18C6FC9E-47E4-4224-B972-AEFEE9E5C4A2}"
EndProject
Project("{FAE04EC0-301F-11D3-BF4B-00C04F79EFBC}") = "OrderMedia.UnitTests", "test\OrderMedia.UnitTests\OrderMedia.UnitTests.csproj", "{746C0CA2-C72F-46D2-BB0B-36ACA1B1ECCA}"
EndProject
Project("{FAE04EC0-301F-11D3-BF4B-00C04F79EFBC}") = "OrderMedia.ConsoleApp", "src\OrderMedia.ConsoleApp\OrderMedia.ConsoleApp.csproj", "{051D69AF-45A7-466D-A8FE-0C29B10D91B1}"
EndProject
Project("{2150E333-8FDC-42A3-9474-1A3956D46DE8}") = "Files", "Files", "{AF1EA57D-9B98-4067-AE95-C7FA6F0800BB}"
	ProjectSection(SolutionItems) = preProject
		README.md = README.md
		.github\workflows\pull-request.yml = .github\workflows\pull-request.yml
	EndProjectSection
EndProject
Project("{FAE04EC0-301F-11D3-BF4B-00C04F79EFBC}") = "OrderMedia.ConsoleApp.IntegrationTests", "test\OrderMedia.ConsoleApp.IntegrationTests\OrderMedia.ConsoleApp.IntegrationTests.csproj", "{4057BBCE-8E83-4DC8-BB73-AD97363268D3}"
EndProject
Project("{FAE04EC0-301F-11D3-BF4B-00C04F79EFBC}") = "OrderMedia.ConsoleApp.UnitTests", "test\OrderMedia.ConsoleApp.UnitTests\OrderMedia.ConsoleApp.UnitTests.csproj", "{73DDF72D-D1E1-495E-A6FB-F395F9EED4D3}"
EndProject
Global
	GlobalSection(SolutionConfigurationPlatforms) = preSolution
		Debug|Any CPU = Debug|Any CPU
		Release|Any CPU = Release|Any CPU
	EndGlobalSection
	GlobalSection(ProjectConfigurationPlatforms) = postSolution
		{18C6FC9E-47E4-4224-B972-AEFEE9E5C4A2}.Debug|Any CPU.ActiveCfg = Debug|Any CPU
		{18C6FC9E-47E4-4224-B972-AEFEE9E5C4A2}.Debug|Any CPU.Build.0 = Debug|Any CPU
		{18C6FC9E-47E4-4224-B972-AEFEE9E5C4A2}.Release|Any CPU.ActiveCfg = Release|Any CPU
		{18C6FC9E-47E4-4224-B972-AEFEE9E5C4A2}.Release|Any CPU.Build.0 = Release|Any CPU
		{746C0CA2-C72F-46D2-BB0B-36ACA1B1ECCA}.Debug|Any CPU.ActiveCfg = Debug|Any CPU
		{746C0CA2-C72F-46D2-BB0B-36ACA1B1ECCA}.Debug|Any CPU.Build.0 = Debug|Any CPU
		{746C0CA2-C72F-46D2-BB0B-36ACA1B1ECCA}.Release|Any CPU.ActiveCfg = Release|Any CPU
		{746C0CA2-C72F-46D2-BB0B-36ACA1B1ECCA}.Release|Any CPU.Build.0 = Release|Any CPU
		{051D69AF-45A7-466D-A8FE-0C29B10D91B1}.Debug|Any CPU.ActiveCfg = Debug|Any CPU
		{051D69AF-45A7-466D-A8FE-0C29B10D91B1}.Debug|Any CPU.Build.0 = Debug|Any CPU
		{051D69AF-45A7-466D-A8FE-0C29B10D91B1}.Release|Any CPU.ActiveCfg = Release|Any CPU
		{051D69AF-45A7-466D-A8FE-0C29B10D91B1}.Release|Any CPU.Build.0 = Release|Any CPU
		{4057BBCE-8E83-4DC8-BB73-AD97363268D3}.Debug|Any CPU.ActiveCfg = Debug|Any CPU
		{4057BBCE-8E83-4DC8-BB73-AD97363268D3}.Debug|Any CPU.Build.0 = Debug|Any CPU
		{4057BBCE-8E83-4DC8-BB73-AD97363268D3}.Release|Any CPU.ActiveCfg = Release|Any CPU
		{4057BBCE-8E83-4DC8-BB73-AD97363268D3}.Release|Any CPU.Build.0 = Release|Any CPU
		{73DDF72D-D1E1-495E-A6FB-F395F9EED4D3}.Debug|Any CPU.ActiveCfg = Debug|Any CPU
		{73DDF72D-D1E1-495E-A6FB-F395F9EED4D3}.Debug|Any CPU.Build.0 = Debug|Any CPU
		{73DDF72D-D1E1-495E-A6FB-F395F9EED4D3}.Release|Any CPU.ActiveCfg = Release|Any CPU
		{73DDF72D-D1E1-495E-A6FB-F395F9EED4D3}.Release|Any CPU.Build.0 = Release|Any CPU
	EndGlobalSection
	GlobalSection(SolutionProperties) = preSolution
		HideSolutionNode = FALSE
	EndGlobalSection
	GlobalSection(ExtensibilityGlobals) = postSolution
		SolutionGuid = {46C02173-9728-4A6E-BC24-7BC96D8F35D7}
	EndGlobalSection
EndGlobal
